<?xml version="1.0" encoding="UTF-8" standalone="yes" ?>
<CodeBlocks_project_file>
	<FileVersion major="1" minor="6" />
	<Project>
		<Option title="GameRanker" />
		<Option pch_mode="2" />
		<Option compiler="gcc" />
		<Build>
			<Target title="Debug">
				<Option output="bin/Debug/GameRanker" prefix_auto="1" extension_auto="1" />
				<Option object_output="obj/Debug/" />
				<Option type="1" />
				<Option compiler="gcc" />
				<Compiler>
					<Add option="-g" />
				</Compiler>
			</Target>
			<Target title="Release">
				<Option output="bin/Release/GameRanker" prefix_auto="1" extension_auto="1" />
				<Option object_output="obj/Release/" />
				<Option type="1" />
				<Option compiler="gcc" />
				<Compiler>
					<Add option="-O2" />
				</Compiler>
				<Linker>
					<Add option="-s" />
				</Linker>
			</Target>
		</Build>
		<Compiler>
			<Add option="-Wall" />
			<Add option="-fexceptions" />
		</Compiler>
		<Unit filename="globals.cpp" />
		<Unit filename="globals.h" />
		<Unit filename="gra.cpp" />
		<Unit filename="gra.h" />
		<Unit filename="lista.txt" />
		<Unit filename="main.cpp" />
		<Unit filename="sortowanieWedlugGatunku.cpp" />
		<Unit filename="sortowanieWedlugGatunku.h" />
		<Unit filename="sortowanieWedlugOceny.cpp" />
		<Unit filename="sortowanieWedlugOceny.h" />
		<Unit filename="topX.cpp" />
		<Unit filename="topX.h" />
		<Unit filename="wyswietlWszystko.cpp" />
		<Unit filename="wyswietlWszystko.h" />
		<Unit filename="zaladuj.cpp" />
		<Unit filename="zaladuj.h" />
		<Extensions>
			<lib_finder disable_auto="1" />
		</Extensions>
	</Project>
</CodeBlocks_project_file>
